
Microsoft Visual Studio Solution File, Format Version 12.00
# Visual Studio Version 17
VisualStudioVersion = 17.14.36616.10
MinimumVisualStudioVersion = 10.0.40219.1
Project("{FAE04EC0-301F-11D3-BF4B-00C04F79EFBC}") = "TramontiniSciacaluga_GestorAlumnos", "TramontiniSciacaluga_GestorAlumnos\TramontiniSciacaluga_GestorAlumnos.csproj", "{5599558E-F557-4606-A5A1-3264D59258A5}"
EndProject
Global
	GlobalSection(SolutionConfigurationPlatforms) = preSolution
		Debug|Any CPU = Debug|Any CPU
		Release|Any CPU = Release|Any CPU
	EndGlobalSection
	GlobalSection(ProjectConfigurationPlatforms) = postSolution
		{5599558E-F557-4606-A5A1-3264D59258A5}.Debug|Any CPU.ActiveCfg = Debug|Any CPU
		{5599558E-F557-4606-A5A1-3264D59258A5}.Debug|Any CPU.Build.0 = Debug|Any CPU
		{5599558E-F557-4606-A5A1-3264D59258A5}.Release|Any CPU.ActiveCfg = Release|Any CPU
		{5599558E-F557-4606-A5A1-3264D59258A5}.Release|Any CPU.Build.0 = Release|Any CPU
	EndGlobalSection
	GlobalSection(SolutionProperties) = preSolution
		HideSolutionNode = FALSE
	EndGlobalSection
	GlobalSection(ExtensibilityGlobals) = postSolution
		SolutionGuid = {F8C9308D-ED9B-45F3-AF60-20752B05D7FC}
	EndGlobalSection
EndGlobal
